
Microsoft Visual Studio Solution File, Format Version 12.00
# Visual Studio 15
VisualStudioVersion = 15.0.28307.705
MinimumVisualStudioVersion = 10.0.40219.1
Project("{FAE04EC0-301F-11D3-BF4B-00C04F79EFBC}") = "10026274", "10026274\10026274.csproj", "{B3E9102F-CD40-4750-BB3D-29500A39D9CD}"
EndProject
Global
	GlobalSection(SolutionConfigurationPlatforms) = preSolution
		Debug|Any CPU = Debug|Any CPU
		Release|Any CPU = Release|Any CPU
	EndGlobalSection
	GlobalSection(ProjectConfigurationPlatforms) = postSolution
		{B3E9102F-CD40-4750-BB3D-29500A39D9CD}.Debug|Any CPU.ActiveCfg = Debug|Any CPU
		{B3E9102F-CD40-4750-BB3D-29500A39D9CD}.Debug|Any CPU.Build.0 = Debug|Any CPU
		{B3E9102F-CD40-4750-BB3D-29500A39D9CD}.Release|Any CPU.ActiveCfg = Release|Any CPU
		{B3E9102F-CD40-4750-BB3D-29500A39D9CD}.Release|Any CPU.Build.0 = Release|Any CPU
	EndGlobalSection
	GlobalSection(SolutionProperties) = preSolution
		HideSolutionNode = FALSE
	EndGlobalSection
	GlobalSection(ExtensibilityGlobals) = postSolution
		SolutionGuid = {355A0433-BC26-4892-943D-2BB2C3D3B686}
	EndGlobalSection
EndGlobal
